
Microsoft Visual Studio Solution File, Format Version 12.00
# Visual Studio 15
VisualStudioVersion = 15.0.26430.16
MinimumVisualStudioVersion = 10.0.40219.1
Project("{FAE04EC0-301F-11D3-BF4B-00C04F79EFBC}") = "HomestayApp", "HomestayApp.csproj", "{B29B30CA-7B6F-4387-8542-FC0ABE1875E8}"
EndProject
Project("{FAE04EC0-301F-11D3-BF4B-00C04F79EFBC}") = "DangKyTester", "DangKyTester\DangKyTester.csproj", "{523C41BF-A1AD-4CBE-862F-5D4F222B7523}"
EndProject
Project("{FAE04EC0-301F-11D3-BF4B-00C04F79EFBC}") = "DangNhapTester", "DangNhapTester\DangNhapTester.csproj", "{C994F0A5-0E38-4AFF-9047-818670FD1CDE}"
EndProject
Global
	GlobalSection(SolutionConfigurationPlatforms) = preSolution
		Debug|Any CPU = Debug|Any CPU
		Release|Any CPU = Release|Any CPU
	EndGlobalSection
	GlobalSection(ProjectConfigurationPlatforms) = postSolution
		{B29B30CA-7B6F-4387-8542-FC0ABE1875E8}.Debug|Any CPU.ActiveCfg = Debug|Any CPU
		{B29B30CA-7B6F-4387-8542-FC0ABE1875E8}.Debug|Any CPU.Build.0 = Debug|Any CPU
		{B29B30CA-7B6F-4387-8542-FC0ABE1875E8}.Release|Any CPU.ActiveCfg = Release|Any CPU
		{B29B30CA-7B6F-4387-8542-FC0ABE1875E8}.Release|Any CPU.Build.0 = Release|Any CPU
		{523C41BF-A1AD-4CBE-862F-5D4F222B7523}.Debug|Any CPU.ActiveCfg = Debug|Any CPU
		{523C41BF-A1AD-4CBE-862F-5D4F222B7523}.Debug|Any CPU.Build.0 = Debug|Any CPU
		{523C41BF-A1AD-4CBE-862F-5D4F222B7523}.Release|Any CPU.ActiveCfg = Release|Any CPU
		{523C41BF-A1AD-4CBE-862F-5D4F222B7523}.Release|Any CPU.Build.0 = Release|Any CPU
		{C994F0A5-0E38-4AFF-9047-818670FD1CDE}.Debug|Any CPU.ActiveCfg = Debug|Any CPU
		{C994F0A5-0E38-4AFF-9047-818670FD1CDE}.Debug|Any CPU.Build.0 = Debug|Any CPU
		{C994F0A5-0E38-4AFF-9047-818670FD1CDE}.Release|Any CPU.ActiveCfg = Release|Any CPU
		{C994F0A5-0E38-4AFF-9047-818670FD1CDE}.Release|Any CPU.Build.0 = Release|Any CPU
	EndGlobalSection
	GlobalSection(SolutionProperties) = preSolution
		HideSolutionNode = FALSE
	EndGlobalSection
EndGlobal
